
Microsoft Visual Studio Solution File, Format Version 12.00
# Visual Studio Version 17
VisualStudioVersion = 17.10.34916.146
MinimumVisualStudioVersion = 10.0.40219.1
Project("{9A19103F-16F7-4668-BE54-9A1E7A4F7556}") = "TestORMApp", "TestORMApp.csproj", "{DF50DEA2-69B0-453B-8562-467406119504}"
EndProject
Project("{FAE04EC0-301F-11D3-BF4B-00C04F79EFBC}") = "FlipKart", "..\FlipKart\FlipKart.csproj", "{21EE069B-5EDF-448A-A9DA-DC123B1FA565}"
EndProject
Global
	GlobalSection(SolutionConfigurationPlatforms) = preSolution
		Debug|Any CPU = Debug|Any CPU
		Release|Any CPU = Release|Any CPU
	EndGlobalSection
	GlobalSection(ProjectConfigurationPlatforms) = postSolution
		{DF50DEA2-69B0-453B-8562-467406119504}.Debug|Any CPU.ActiveCfg = Debug|Any CPU
		{DF50DEA2-69B0-453B-8562-467406119504}.Debug|Any CPU.Build.0 = Debug|Any CPU
		{DF50DEA2-69B0-453B-8562-467406119504}.Release|Any CPU.ActiveCfg = Release|Any CPU
		{DF50DEA2-69B0-453B-8562-467406119504}.Release|Any CPU.Build.0 = Release|Any CPU
		{21EE069B-5EDF-448A-A9DA-DC123B1FA565}.Debug|Any CPU.ActiveCfg = Debug|Any CPU
		{21EE069B-5EDF-448A-A9DA-DC123B1FA565}.Debug|Any CPU.Build.0 = Debug|Any CPU
		{21EE069B-5EDF-448A-A9DA-DC123B1FA565}.Release|Any CPU.ActiveCfg = Release|Any CPU
		{21EE069B-5EDF-448A-A9DA-DC123B1FA565}.Release|Any CPU.Build.0 = Release|Any CPU
	EndGlobalSection
	GlobalSection(SolutionProperties) = preSolution
		HideSolutionNode = FALSE
	EndGlobalSection
	GlobalSection(ExtensibilityGlobals) = postSolution
		SolutionGuid = {AA87D687-9E2C-4476-85AC-BDB0DFBAF024}
	EndGlobalSection
EndGlobal
